<?xml version="1.0" encoding="utf-8"?>
<Project ToolsVersion="17.0" xmlns="http://schemas.microsoft.com/developer/msbuild/2003">
  <ItemGroup>
    <CustomBuild Include="C:\Users\Lisa\Documents\Facultate\An4Sem2\SI\Proiect\CustomCrypto-Comm\build_vs\CMakeFiles\871579adc2a008045b4377201c39d3be\PACKAGE_force.rule">
      <Filter>CMake Rules</Filter>
    </CustomBuild>
  </ItemGroup>
  <ItemGroup>
    <Filter Include="CMake Rules">
      <UniqueIdentifier>{93AC7B51-F3F7-3434-A8F6-6860320375DE}</UniqueIdentifier>
    </Filter>
  </ItemGroup>
</Project>
